<?xml version="1.0" encoding="utf-8"?>
<Project ToolsVersion="4.0" xmlns="http://schemas.microsoft.com/developer/msbuild/2003">
  <ItemGroup>
    <ClCompile Include="main.cpp" />
    <ClCompile Include="ColorPicker.cpp">
      <Filter>Helpers</Filter>
    </ClCompile>
    <ClCompile Include="RandomNumberGenerator.cpp">
      <Filter>Helpers</Filter>
    </ClCompile>
    <ClCompile Include="VectorMath.cpp">
      <Filter>Helpers</Filter>
    </ClCompile>
    <ClCompile Include="CircleEntityGenerator.cpp">
      <Filter>Entities</Filter>
    </ClCompile>
    <ClCompile Include="MovingCircleEntity.cpp">
      <Filter>Entities</Filter>
    </ClCompile>
    <ClCompile Include="StatsEntity.cpp">
      <Filter>Entities</Filter>
    </ClCompile>
    <ClCompile Include="TextureManager.cpp">
      <Filter>Helpers</Filter>
    </ClCompile>
    <ClCompile Include="MovementSystem.cpp">
      <Filter>S</Filter>
    </ClCompile>
    <ClCompile Include="RenderCircleSystem.cpp">
      <Filter>S</Filter>
    </ClCompile>
    <ClCompile Include="RenderTextSystem.cpp">
      <Filter>S</Filter>
    </ClCompile>
  </ItemGroup>
  <ItemGroup>
    <Filter Include="Entities">
      <UniqueIdentifier>{11fe306e-40cf-473b-be82-fc2969412a17}</UniqueIdentifier>
    </Filter>
    <Filter Include="Helpers">
      <UniqueIdentifier>{27002b94-2cb3-4378-a4f8-79177b7c372b}</UniqueIdentifier>
    </Filter>
    <Filter Include="C">
      <UniqueIdentifier>{471e2362-3fd4-4c74-a180-858d73a9b57d}</UniqueIdentifier>
    </Filter>
    <Filter Include="S">
      <UniqueIdentifier>{096600e4-89ff-4519-a59d-53969f7f6e5c}</UniqueIdentifier>
    </Filter>
    <Filter Include="Managers">
      <UniqueIdentifier>{ad8919ae-78e8-4586-abc1-ab1e40951253}</UniqueIdentifier>
    </Filter>
  </ItemGroup>
  <ItemGroup>
    <ClInclude Include="Entity.h">
      <Filter>Entities</Filter>
    </ClInclude>
    <ClInclude Include="ColorPicker.h">
      <Filter>Helpers</Filter>
    </ClInclude>
    <ClInclude Include="RandomNumberGenerator.h">
      <Filter>Helpers</Filter>
    </ClInclude>
    <ClInclude Include="VectorMath.h">
      <Filter>Helpers</Filter>
    </ClInclude>
    <ClInclude Include="CircleEntityGenerator.h">
      <Filter>Entities</Filter>
    </ClInclude>
    <ClInclude Include="MovingCircleEntity.h">
      <Filter>Entities</Filter>
    </ClInclude>
    <ClInclude Include="StatsEntity.h">
      <Filter>Entities</Filter>
    </ClInclude>
    <ClInclude Include="TextureManager.h">
      <Filter>Helpers</Filter>
    </ClInclude>
    <ClInclude Include="TransformComponent.h">
      <Filter>C</Filter>
    </ClInclude>
    <ClInclude Include="MotionComponent.h">
      <Filter>C</Filter>
    </ClInclude>
    <ClInclude Include="SpriteComponent.h">
      <Filter>C</Filter>
    </ClInclude>
    <ClInclude Include="CollisionComponent.h">
      <Filter>C</Filter>
    </ClInclude>
    <ClInclude Include="MovementSystem.h">
      <Filter>S</Filter>
    </ClInclude>
    <ClInclude Include="RenderCircleSystem.h">
      <Filter>S</Filter>
    </ClInclude>
    <ClInclude Include="EntityManager.h">
      <Filter>Managers</Filter>
    </ClInclude>
    <ClInclude Include="Types.h" />
    <ClInclude Include="ComponentManger.h">
      <Filter>Managers</Filter>
    </ClInclude>
    <ClInclude Include="SystemManager.h">
      <Filter>Managers</Filter>
    </ClInclude>
    <ClInclude Include="Coordinatorh.h">
      <Filter>Managers</Filter>
    </ClInclude>
    <ClInclude Include="ComponentArray.h">
      <Filter>Managers</Filter>
    </ClInclude>
    <ClInclude Include="System.h">
      <Filter>S</Filter>
    </ClInclude>
    <ClInclude Include="RenderTextSystem.h">
      <Filter>S</Filter>
    </ClInclude>
    <ClInclude Include="TextComponent.h">
      <Filter>C</Filter>
    </ClInclude>
  </ItemGroup>
</Project>